// !$*UTF8*$!
{
	archiveVersion = 1;
	classes = {
	};
	objectVersion = 50;
	objects = {

/* Begin PBXBuildFile section */
		57238F24271D836B007CB453 /* AppDelegate.m in Sources */ = {isa = PBXBuildFile; fileRef = 57238F23271D836B007CB453 /* AppDelegate.m */; };
		57238F27271D836B007CB453 /* SceneDelegate.m in Sources */ = {isa = PBXBuildFile; fileRef = 57238F26271D836B007CB453 /* SceneDelegate.m */; };
		57238F2A271D836B007CB453 /* ViewController.m in Sources */ = {isa = PBXBuildFile; fileRef = 57238F29271D836B007CB453 /* ViewController.m */; };
		57238F2D271D836B007CB453 /* Main.storyboard in Resources */ = {isa = PBXBuildFile; fileRef = 57238F2B271D836B007CB453 /* Main.storyboard */; };
		57238F2F271D836D007CB453 /* Assets.xcassets in Resources */ = {isa = PBXBuildFile; fileRef = 57238F2E271D836D007CB453 /* Assets.xcassets */; };
		57238F32271D836D007CB453 /* LaunchScreen.storyboard in Resources */ = {isa = PBXBuildFile; fileRef = 57238F30271D836D007CB453 /* LaunchScreen.storyboard */; };
		57238F35271D836D007CB453 /* main.m in Sources */ = {isa = PBXBuildFile; fileRef = 57238F34271D836D007CB453 /* main.m */; };
		57238F40271D8385007CB453 /* open.json in Resources */ = {isa = PBXBuildFile; fileRef = 57238F3C271D8385007CB453 /* open.json */; };
		57238F41271D8385007CB453 /* light.png in Resources */ = {isa = PBXBuildFile; fileRef = 57238F3D271D8385007CB453 /* light.png */; };
		57238F42271D8385007CB453 /* light.json in Resources */ = {isa = PBXBuildFile; fileRef = 57238F3E271D8385007CB453 /* light.json */; };
		57238F43271D8385007CB453 /* open.png in Resources */ = {isa = PBXBuildFile; fileRef = 57238F3F271D8385007CB453 /* open.png */; };
		57238F46271D83A5007CB453 /* UIImage+Sprite.m in Sources */ = {isa = PBXBuildFile; fileRef = 57238F45271D83A5007CB453 /* UIImage+Sprite.m */; };
		57A353CD2727986E00BC902C /* box.png in Resources */ = {isa = PBXBuildFile; fileRef = 57A353CC2727986E00BC902C /* box.png */; };
/* End PBXBuildFile section */

/* Begin PBXFileReference section */
		57238F1F271D836B007CB453 /* keyFrameAnimationWithImages.app */ = {isa = PBXFileReference; explicitFileType = wrapper.application; includeInIndex = 0; path = keyFrameAnimationWithImages.app; sourceTree = BUILT_PRODUCTS_DIR; };
		57238F22271D836B007CB453 /* AppDelegate.h */ = {isa = PBXFileReference; lastKnownFileType = sourcecode.c.h; path = AppDelegate.h; sourceTree = "<group>"; };
		57238F23271D836B007CB453 /* AppDelegate.m */ = {isa = PBXFileReference; lastKnownFileType = sourcecode.c.objc; path = AppDelegate.m; sourceTree = "<group>"; };
		57238F25271D836B007CB453 /* SceneDelegate.h */ = {isa = PBXFileReference; lastKnownFileType = sourcecode.c.h; path = SceneDelegate.h; sourceTree = "<group>"; };
		57238F26271D836B007CB453 /* SceneDelegate.m */ = {isa = PBXFileReference; lastKnownFileType = sourcecode.c.objc; path = SceneDelegate.m; sourceTree = "<group>"; };
		57238F28271D836B007CB453 /* ViewController.h */ = {isa = PBXFileReference; lastKnownFileType = sourcecode.c.h; path = ViewController.h; sourceTree = "<group>"; };
		57238F29271D836B007CB453 /* ViewController.m */ = {isa = PBXFileReference; lastKnownFileType = sourcecode.c.objc; path = ViewController.m; sourceTree = "<group>"; };
		57238F2C271D836B007CB453 /* Base */ = {isa = PBXFileReference; lastKnownFileType = file.storyboard; name = Base; path = Base.lproj/Main.storyboard; sourceTree = "<group>"; };
		57238F2E271D836D007CB453 /* Assets.xcassets */ = {isa = PBXFileReference; lastKnownFileType = folder.assetcatalog; path = Assets.xcassets; sourceTree = "<group>"; };
		57238F31271D836D007CB453 /* Base */ = {isa = PBXFileReference; lastKnownFileType = file.storyboard; name = Base; path = Base.lproj/LaunchScreen.storyboard; sourceTree = "<group>"; };
		57238F33271D836D007CB453 /* Info.plist */ = {isa = PBXFileReference; lastKnownFileType = text.plist.xml; path = Info.plist; sourceTree = "<group>"; };
		57238F34271D836D007CB453 /* main.m */ = {isa = PBXFileReference; lastKnownFileType = sourcecode.c.objc; path = main.m; sourceTree = "<group>"; };
		57238F3C271D8385007CB453 /* open.json */ = {isa = PBXFileReference; fileEncoding = 4; lastKnownFileType = text.json; path = open.json; sourceTree = "<group>"; };
		57238F3D271D8385007CB453 /* light.png */ = {isa = PBXFileReference; lastKnownFileType = image.png; path = light.png; sourceTree = "<group>"; };
		57238F3E271D8385007CB453 /* light.json */ = {isa = PBXFileReference; fileEncoding = 4; lastKnownFileType = text.json; path = light.json; sourceTree = "<group>"; };
		57238F3F271D8385007CB453 /* open.png */ = {isa = PBXFileReference; lastKnownFileType = image.png; path = open.png; sourceTree = "<group>"; };
		57238F44271D83A5007CB453 /* UIImage+Sprite.h */ = {isa = PBXFileReference; lastKnownFileType = sourcecode.c.h; path = "UIImage+Sprite.h"; sourceTree = "<group>"; };
		57238F45271D83A5007CB453 /* UIImage+Sprite.m */ = {isa = PBXFileReference; lastKnownFileType = sourcecode.c.objc; path = "UIImage+Sprite.m"; sourceTree = "<group>"; };
		57A353CC2727986E00BC902C /* box.png */ = {isa = PBXFileReference; lastKnownFileType = image.png; path = box.png; sourceTree = "<group>"; };
/* End PBXFileReference section */

/* Begin PBXFrameworksBuildPhase section */
		57238F1C271D836B007CB453 /* Frameworks */ = {
			isa = PBXFrameworksBuildPhase;
			buildActionMask = 2147483647;
			files = (
			);
			runOnlyForDeploymentPostprocessing = 0;
		};
/* End PBXFrameworksBuildPhase section */

/* Begin PBXGroup section */
		57238F16271D836B007CB453 = {
			isa = PBXGroup;
			children = (
				57238F21271D836B007CB453 /* keyFrameAnimationWithImages */,
				57238F20271D836B007CB453 /* Products */,
			);
			sourceTree = "<group>";
		};
		57238F20271D836B007CB453 /* Products */ = {
			isa = PBXGroup;
			children = (
				57238F1F271D836B007CB453 /* keyFrameAnimationWithImages.app */,
			);
			name = Products;
			sourceTree = "<group>";
		};
		57238F21271D836B007CB453 /* keyFrameAnimationWithImages */ = {
			isa = PBXGroup;
			children = (
				57238F3B271D8385007CB453 /* Resources */,
				57238F22271D836B007CB453 /* AppDelegate.h */,
				57238F23271D836B007CB453 /* AppDelegate.m */,
				57238F25271D836B007CB453 /* SceneDelegate.h */,
				57238F26271D836B007CB453 /* SceneDelegate.m */,
				57238F28271D836B007CB453 /* ViewController.h */,
				57238F29271D836B007CB453 /* ViewController.m */,
				57238F2B271D836B007CB453 /* Main.storyboard */,
				57238F44271D83A5007CB453 /* UIImage+Sprite.h */,
				57238F45271D83A5007CB453 /* UIImage+Sprite.m */,
				57238F2E271D836D007CB453 /* Assets.xcassets */,
				57238F30271D836D007CB453 /* LaunchScreen.storyboard */,
				57238F33271D836D007CB453 /* Info.plist */,
				57238F34271D836D007CB453 /* main.m */,
			);
			path = keyFrameAnimationWithImages;
			sourceTree = "<group>";
		};
		57238F3B271D8385007CB453 /* Resources */ = {
			isa = PBXGroup;
			children = (
				57A353CC2727986E00BC902C /* box.png */,
				57238F3C271D8385007CB453 /* open.json */,
				57238F3D271D8385007CB453 /* light.png */,
				57238F3E271D8385007CB453 /* light.json */,
				57238F3F271D8385007CB453 /* open.png */,
			);
			path = Resources;
			sourceTree = "<group>";
		};
/* End PBXGroup section */

/* Begin PBXNativeTarget section */
		57238F1E271D836B007CB453 /* keyFrameAnimationWithImages */ = {
			isa = PBXNativeTarget;
			buildConfigurationList = 57238F38271D836D007CB453 /* Build configuration list for PBXNativeTarget "keyFrameAnimationWithImages" */;
			buildPhases = (
				57238F1B271D836B007CB453 /* Sources */,
				57238F1C271D836B007CB453 /* Frameworks */,
				57238F1D271D836B007CB453 /* Resources */,
			);
			buildRules = (
			);
			dependencies = (
			);
			name = keyFrameAnimationWithImages;
			productName = keyFrameAnimationWithImages;
			productReference = 57238F1F271D836B007CB453 /* keyFrameAnimationWithImages.app */;
			productType = "com.apple.product-type.application";
		};
/* End PBXNativeTarget section */

/* Begin PBXProject section */
		57238F17271D836B007CB453 /* Project object */ = {
			isa = PBXProject;
			attributes = {
				LastUpgradeCheck = 1250;
				TargetAttributes = {
					57238F1E271D836B007CB453 = {
						CreatedOnToolsVersion = 12.5.1;
					};
				};
			};
			buildConfigurationList = 57238F1A271D836B007CB453 /* Build configuration list for PBXProject "keyFrameAnimationWithImages" */;
			compatibilityVersion = "Xcode 9.3";
			developmentRegion = en;
			hasScannedForEncodings = 0;
			knownRegions = (
				en,
				Base,
			);
			mainGroup = 57238F16271D836B007CB453;
			productRefGroup = 57238F20271D836B007CB453 /* Products */;
			projectDirPath = "";
			projectRoot = "";
			targets = (
				57238F1E271D836B007CB453 /* keyFrameAnimationWithImages */,
			);
		};
/* End PBXProject section */

/* Begin PBXResourcesBuildPhase section */
		57238F1D271D836B007CB453 /* Resources */ = {
			isa = PBXResourcesBuildPhase;
			buildActionMask = 2147483647;
			files = (
				57238F41271D8385007CB453 /* light.png in Resources */,
				57238F32271D836D007CB453 /* LaunchScreen.storyboard in Resources */,
				57238F42271D8385007CB453 /* light.json in Resources */,
				57A353CD2727986E00BC902C /* box.png in Resources */,
				57238F2F271D836D007CB453 /* Assets.xcassets in Resources */,
				57238F2D271D836B007CB453 /* Main.storyboard in Resources */,
				57238F40271D8385007CB453 /* open.json in Resources */,
				57238F43271D8385007CB453 /* open.png in Resources */,
			);
			runOnlyForDeploymentPostprocessing = 0;
		};
/* End PBXResourcesBuildPhase section */

/* Begin PBXSourcesBuildPhase section */
		57238F1B271D836B007CB453 /* Sources */ = {
			isa = PBXSourcesBuildPhase;
			buildActionMask = 2147483647;
			files = (
				57238F2A271D836B007CB453 /* ViewController.m in Sources */,
				57238F24271D836B007CB453 /* AppDelegate.m in Sources */,
				57238F35271D836D007CB453 /* main.m in Sources */,
				57238F27271D836B007CB453 /* SceneDelegate.m in Sources */,
				57238F46271D83A5007CB453 /* UIImage+Sprite.m in Sources */,
			);
			runOnlyForDeploymentPostprocessing = 0;
		};
/* End PBXSourcesBuildPhase section */

/* Begin PBXVariantGroup section */
		57238F2B271D836B007CB453 /* Main.storyboard */ = {
			isa = PBXVariantGroup;
			children = (
				57238F2C271D836B007CB453 /* Base */,
			);
			name = Main.storyboard;
			sourceTree = "<group>";
		};
		57238F30271D836D007CB453 /* LaunchScreen.storyboard */ = {
			isa = PBXVariantGroup;
			children = (
				57238F31271D836D007CB453 /* Base */,
			);
			name = LaunchScreen.storyboard;
			sourceTree = "<group>";
		};
/* End PBXVariantGroup section */

/* Begin XCBuildConfiguration section */
		57238F36271D836D007CB453 /* Debug */ = {
			isa = XCBuildConfiguration;
			buildSettings = {
				ALWAYS_SEARCH_USER_PATHS = NO;
				CLANG_ANALYZER_NONNULL = YES;
				CLANG_ANALYZER_NUMBER_OBJECT_CONVERSION = YES_AGGRESSIVE;
				CLANG_CXX_LANGUAGE_STANDARD = "gnu++14";
				CLANG_CXX_LIBRARY = "libc++";
				CLANG_ENABLE_MODULES = YES;
				CLANG_ENABLE_OBJC_ARC = YES;
				CLANG_ENABLE_OBJC_WEAK = YES;
				CLANG_WARN_BLOCK_CAPTURE_AUTORELEASING = YES;
				CLANG_WARN_BOOL_CONVERSION = YES;
				CLANG_WARN_COMMA = YES;
				CLANG_WARN_CONSTANT_CONVERSION = YES;
				CLANG_WARN_DEPRECATED_OBJC_IMPLEMENTATIONS = YES;
				CLANG_WARN_DIRECT_OBJC_ISA_USAGE = YES_ERROR;
				CLANG_WARN_DOCUMENTATION_COMMENTS = YES;
				CLANG_WARN_EMPTY_BODY = YES;
				CLANG_WARN_ENUM_CONVERSION = YES;
				CLANG_WARN_INFINITE_RECURSION = YES;
				CLANG_WARN_INT_CONVERSION = YES;
				CLANG_WARN_NON_LITERAL_NULL_CONVERSION = YES;
				CLANG_WARN_OBJC_IMPLICIT_RETAIN_SELF = YES;
				CLANG_WARN_OBJC_LITERAL_CONVERSION = YES;
				CLANG_WARN_OBJC_ROOT_CLASS = YES_ERROR;
				CLANG_WARN_QUOTED_INCLUDE_IN_FRAMEWORK_HEADER = YES;
				CLANG_WARN_RANGE_LOOP_ANALYSIS = YES;
				CLANG_WARN_STRICT_PROTOTYPES = YES;
				CLANG_WARN_SUSPICIOUS_MOVE = YES;
				CLANG_WARN_UNGUARDED_AVAILABILITY = YES_AGGRESSIVE;
				CLANG_WARN_UNREACHABLE_CODE = YES;
				CLANG_WARN__DUPLICATE_METHOD_MATCH = YES;
				COPY_PHASE_STRIP = NO;
				DEBUG_INFORMATION_FORMAT = dwarf;
				ENABLE_STRICT_OBJC_MSGSEND = YES;
				ENABLE_TESTABILITY = YES;
				GCC_C_LANGUAGE_STANDARD = gnu11;
				GCC_DYNAMIC_NO_PIC = NO;
				GCC_NO_COMMON_BLOCKS = YES;
				GCC_OPTIMIZATION_LEVEL = 0;
				GCC_PREPROCESSOR_DEFINITIONS = (
					"DEBUG=1",
					"$(inherited)",
				);
				GCC_WARN_64_TO_32_BIT_CONVERSION = YES;
				GCC_WARN_ABOUT_RETURN_TYPE = YES_ERROR;
				GCC_WARN_UNDECLARED_SELECTOR = YES;
				GCC_WARN_UNINITIALIZED_AUTOS = YES_AGGRESSIVE;
				GCC_WARN_UNUSED_FUNCTION = YES;
				GCC_WARN_UNUSED_VARIABLE = YES;
				IPHONEOS_DEPLOYMENT_TARGET = 14.5;
				MTL_ENABLE_DEBUG_INFO = INCLUDE_SOURCE;
				MTL_FAST_MATH = YES;
				ONLY_ACTIVE_ARCH = YES;
				SDKROOT = iphoneos;
			};
			name = Debug;
		};
		57238F37271D836D007CB453 /* Release */ = {
			isa = XCBuildConfiguration;
			buildSettings = {
				ALWAYS_SEARCH_USER_PATHS = NO;
				CLANG_ANALYZER_NONNULL = YES;
				CLANG_ANALYZER_NUMBER_OBJECT_CONVERSION = YES_AGGRESSIVE;
				CLANG_CXX_LANGUAGE_STANDARD = "gnu++14";
				CLANG_CXX_LIBRARY = "libc++";
				CLANG_ENABLE_MODULES = YES;
				CLANG_ENABLE_OBJC_ARC = YES;
				CLANG_ENABLE_OBJC_WEAK = YES;
				CLANG_WARN_BLOCK_CAPTURE_AUTORELEASING = YES;
				CLANG_WARN_BOOL_CONVERSION = YES;
				CLANG_WARN_COMMA = YES;
				CLANG_WARN_CONSTANT_CONVERSION = YES;
				CLANG_WARN_DEPRECATED_OBJC_IMPLEMENTATIONS = YES;
				CLANG_WARN_DIRECT_OBJC_ISA_USAGE = YES_ERROR;
				CLANG_WARN_DOCUMENTATION_COMMENTS = YES;
				CLANG_WARN_EMPTY_BODY = YES;
				CLANG_WARN_ENUM_CONVERSION = YES;
				CLANG_WARN_INFINITE_RECURSION = YES;
				CLANG_WARN_INT_CONVERSION = YES;
				CLANG_WARN_NON_LITERAL_NULL_CONVERSION = YES;
				CLANG_WARN_OBJC_IMPLICIT_RETAIN_SELF = YES;
				CLANG_WARN_OBJC_LITERAL_CONVERSION = YES;
				CLANG_WARN_OBJC_ROOT_CLASS = YES_ERROR;
				CLANG_WARN_QUOTED_INCLUDE_IN_FRAMEWORK_HEADER = YES;
				CLANG_WARN_RANGE_LOOP_ANALYSIS = YES;
				CLANG_WARN_STRICT_PROTOTYPES = YES;
				CLANG_WARN_SUSPICIOUS_MOVE = YES;
				CLANG_WARN_UNGUARDED_AVAILABILITY = YES_AGGRESSIVE;
				CLANG_WARN_UNREACHABLE_CODE = YES;
				CLANG_WARN__DUPLICATE_METHOD_MATCH = YES;
				COPY_PHASE_STRIP = NO;
				DEBUG_INFORMATION_FORMAT = "dwarf-with-dsym";
				ENABLE_NS_ASSERTIONS = NO;
				ENABLE_STRICT_OBJC_MSGSEND = YES;
				GCC_C_LANGUAGE_STANDARD = gnu11;
				GCC_NO_COMMON_BLOCKS = YES;
				GCC_WARN_64_TO_32_BIT_CONVERSION = YES;
				GCC_WARN_ABOUT_RETURN_TYPE = YES_ERROR;
				GCC_WARN_UNDECLARED_SELECTOR = YES;
				GCC_WARN_UNINITIALIZED_AUTOS = YES_AGGRESSIVE;
				GCC_WARN_UNUSED_FUNCTION = YES;
				GCC_WARN_UNUSED_VARIABLE = YES;
				IPHONEOS_DEPLOYMENT_TARGET = 14.5;
				MTL_ENABLE_DEBUG_INFO = NO;
				MTL_FAST_MATH = YES;
				SDKROOT = iphoneos;
				VALIDATE_PRODUCT = YES;
			};
			name = Release;
		};
		57238F39271D836D007CB453 /* Debug */ = {
			isa = XCBuildConfiguration;
			buildSettings = {
				ASSETCATALOG_COMPILER_APPICON_NAME = AppIcon;
				ASSETCATALOG_COMPILER_GLOBAL_ACCENT_COLOR_NAME = AccentColor;
				CODE_SIGN_STYLE = Automatic;
				DEVELOPMENT_TEAM = FN48ZWF64X;
				INFOPLIST_FILE = keyFrameAnimationWithImages/Info.plist;
				LD_RUNPATH_SEARCH_PATHS = (
					"$(inherited)",
					"@executable_path/Frameworks",
				);
				PRODUCT_BUNDLE_IDENTIFIER = con.joyreach.www.keyFrameAnimationWithImages;
				PRODUCT_NAME = "$(TARGET_NAME)";
				TARGETED_DEVICE_FAMILY = "1,2";
			};
			name = Debug;
		};
		57238F3A271D836D007CB453 /* Release */ = {
			isa = XCBuildConfiguration;
			buildSettings = {
				ASSETCATALOG_COMPILER_APPICON_NAME = AppIcon;
				ASSETCATALOG_COMPILER_GLOBAL_ACCENT_COLOR_NAME = AccentColor;
				CODE_SIGN_STYLE = Automatic;
				DEVELOPMENT_TEAM = FN48ZWF64X;
				INFOPLIST_FILE = keyFrameAnimationWithImages/Info.plist;
				LD_RUNPATH_SEARCH_PATHS = (
					"$(inherited)",
					"@executable_path/Frameworks",
				);
				PRODUCT_BUNDLE_IDENTIFIER = con.joyreach.www.keyFrameAnimationWithImages;
				PRODUCT_NAME = "$(TARGET_NAME)";
				TARGETED_DEVICE_FAMILY = "1,2";
			};
			name = Release;
		};
/* End XCBuildConfiguration section */

/* Begin XCConfigurationList section */
		57238F1A271D836B007CB453 /* Build configuration list for PBXProject "keyFrameAnimationWithImages" */ = {
			isa = XCConfigurationList;
			buildConfigurations = (
				57238F36271D836D007CB453 /* Debug */,
				57238F37271D836D007CB453 /* Release */,
			);
			defaultConfigurationIsVisible = 0;
			defaultConfigurationName = Release;
		};
		57238F38271D836D007CB453 /* Build configuration list for PBXNativeTarget "keyFrameAnimationWithImages" */ = {
			isa = XCConfigurationList;
			buildConfigurations = (
				57238F39271D836D007CB453 /* Debug */,
				57238F3A271D836D007CB453 /* Release */,
			);
			defaultConfigurationIsVisible = 0;
			defaultConfigurationName = Release;
		};
/* End XCConfigurationList section */
	};
	rootObject = 57238F17271D836B007CB453 /* Project object */;
}
